
Microsoft Visual Studio Solution File, Format Version 12.00
# Visual Studio Version 16
VisualStudioVersion = 16.0.31129.286
MinimumVisualStudioVersion = 10.0.40219.1
Project("{FAE04EC0-301F-11D3-BF4B-00C04F79EFBC}") = "MVCProject", "MVCProject\MVCProject.csproj", "{DAEB4DA7-F116-4D8E-A9A7-C6CDA3E241CB}"
EndProject
Global
	GlobalSection(SolutionConfigurationPlatforms) = preSolution
		Debug|Any CPU = Debug|Any CPU
		Release|Any CPU = Release|Any CPU
	EndGlobalSection
	GlobalSection(ProjectConfigurationPlatforms) = postSolution
		{DAEB4DA7-F116-4D8E-A9A7-C6CDA3E241CB}.Debug|Any CPU.ActiveCfg = Debug|Any CPU
		{DAEB4DA7-F116-4D8E-A9A7-C6CDA3E241CB}.Debug|Any CPU.Build.0 = Debug|Any CPU
		{DAEB4DA7-F116-4D8E-A9A7-C6CDA3E241CB}.Release|Any CPU.ActiveCfg = Release|Any CPU
		{DAEB4DA7-F116-4D8E-A9A7-C6CDA3E241CB}.Release|Any CPU.Build.0 = Release|Any CPU
	EndGlobalSection
	GlobalSection(SolutionProperties) = preSolution
		HideSolutionNode = FALSE
	EndGlobalSection
	GlobalSection(ExtensibilityGlobals) = postSolution
		SolutionGuid = {518411E5-0A77-493F-8BDE-429D0EA29DAC}
	EndGlobalSection
EndGlobal
